
Microsoft Visual Studio Solution File, Format Version 12.00
# Visual Studio Version 17
VisualStudioVersion = 17.4.33110.190
MinimumVisualStudioVersion = 10.0.40219.1
Project("{FAE04EC0-301F-11D3-BF4B-00C04F79EFBC}") = "UniversityApiBackend", "UniversityApiBackend\UniversityApiBackend.csproj", "{9BDE6223-6818-4949-8B27-45B3A7E155E2}"
EndProject
Global
	GlobalSection(SolutionConfigurationPlatforms) = preSolution
		Debug|Any CPU = Debug|Any CPU
		Release|Any CPU = Release|Any CPU
	EndGlobalSection
	GlobalSection(ProjectConfigurationPlatforms) = postSolution
		{9BDE6223-6818-4949-8B27-45B3A7E155E2}.Debug|Any CPU.ActiveCfg = Debug|Any CPU
		{9BDE6223-6818-4949-8B27-45B3A7E155E2}.Debug|Any CPU.Build.0 = Debug|Any CPU
		{9BDE6223-6818-4949-8B27-45B3A7E155E2}.Release|Any CPU.ActiveCfg = Release|Any CPU
		{9BDE6223-6818-4949-8B27-45B3A7E155E2}.Release|Any CPU.Build.0 = Release|Any CPU
	EndGlobalSection
	GlobalSection(SolutionProperties) = preSolution
		HideSolutionNode = FALSE
	EndGlobalSection
	GlobalSection(ExtensibilityGlobals) = postSolution
		SolutionGuid = {681798F3-FC1D-4E5F-AFE4-E9829329B5F3}
	EndGlobalSection
EndGlobal
